// !$*UTF8*$!
{
	archiveVersion = 1;
	classes = {
	};
	objectVersion = 50;
	objects = {

/* Begin PBXBuildFile section */
		A6CCB12E26354724001DA2EE /* AppDelegate.swift in Sources */ = {isa = PBXBuildFile; fileRef = A6CCB12D26354724001DA2EE /* AppDelegate.swift */; };
		A6CCB13026354724001DA2EE /* SceneDelegate.swift in Sources */ = {isa = PBXBuildFile; fileRef = A6CCB12F26354724001DA2EE /* SceneDelegate.swift */; };
		A6CCB13226354724001DA2EE /* ViewController.swift in Sources */ = {isa = PBXBuildFile; fileRef = A6CCB13126354724001DA2EE /* ViewController.swift */; };
		A6CCB13526354724001DA2EE /* Main.storyboard in Resources */ = {isa = PBXBuildFile; fileRef = A6CCB13326354724001DA2EE /* Main.storyboard */; };
		A6CCB13726354727001DA2EE /* Assets.xcassets in Resources */ = {isa = PBXBuildFile; fileRef = A6CCB13626354727001DA2EE /* Assets.xcassets */; };
		A6CCB13A26354727001DA2EE /* LaunchScreen.storyboard in Resources */ = {isa = PBXBuildFile; fileRef = A6CCB13826354727001DA2EE /* LaunchScreen.storyboard */; };
		B877067826A93D6A0051C700 /* Info.plist in Resources */ = {isa = PBXBuildFile; fileRef = B877067726A93D6A0051C700 /* Info.plist */; };
/* End PBXBuildFile section */

/* Begin PBXFileReference section */
		A6CCB12A26354724001DA2EE /* AnimeShop.app */ = {isa = PBXFileReference; explicitFileType = wrapper.application; includeInIndex = 0; path = AnimeShop.app; sourceTree = BUILT_PRODUCTS_DIR; };
		A6CCB12D26354724001DA2EE /* AppDelegate.swift */ = {isa = PBXFileReference; lastKnownFileType = sourcecode.swift; path = AppDelegate.swift; sourceTree = "<group>"; };
		A6CCB12F26354724001DA2EE /* SceneDelegate.swift */ = {isa = PBXFileReference; lastKnownFileType = sourcecode.swift; path = SceneDelegate.swift; sourceTree = "<group>"; };
		A6CCB13126354724001DA2EE /* ViewController.swift */ = {isa = PBXFileReference; lastKnownFileType = sourcecode.swift; path = ViewController.swift; sourceTree = "<group>"; };
		A6CCB13426354724001DA2EE /* Base */ = {isa = PBXFileReference; lastKnownFileType = file.storyboard; name = Base; path = Base.lproj/Main.storyboard; sourceTree = "<group>"; };
		A6CCB13626354727001DA2EE /* Assets.xcassets */ = {isa = PBXFileReference; lastKnownFileType = folder.assetcatalog; path = Assets.xcassets; sourceTree = "<group>"; };
		A6CCB13926354727001DA2EE /* Base */ = {isa = PBXFileReference; lastKnownFileType = file.storyboard; name = Base; path = Base.lproj/LaunchScreen.storyboard; sourceTree = "<group>"; };
		B877067726A93D6A0051C700 /* Info.plist */ = {isa = PBXFileReference; fileEncoding = 4; lastKnownFileType = text.plist.xml; path = Info.plist; sourceTree = "<group>"; };
/* End PBXFileReference section */

/* Begin PBXFrameworksBuildPhase section */
		A6CCB12726354724001DA2EE /* Frameworks */ = {
			isa = PBXFrameworksBuildPhase;
			buildActionMask = 2147483647;
			files = (
			);
			runOnlyForDeploymentPostprocessing = 0;
		};
/* End PBXFrameworksBuildPhase section */

/* Begin PBXGroup section */
		A6CCB12126354724001DA2EE = {
			isa = PBXGroup;
			children = (
				A6CCB12C26354724001DA2EE /* AnimeShop */,
				A6CCB12B26354724001DA2EE /* Products */,
			);
			sourceTree = "<group>";
		};
		A6CCB12B26354724001DA2EE /* Products */ = {
			isa = PBXGroup;
			children = (
				A6CCB12A26354724001DA2EE /* AnimeShop.app */,
			);
			name = Products;
			sourceTree = "<group>";
		};
		A6CCB12C26354724001DA2EE /* AnimeShop */ = {
			isa = PBXGroup;
			children = (
				A6CCB12D26354724001DA2EE /* AppDelegate.swift */,
				A6CCB12F26354724001DA2EE /* SceneDelegate.swift */,
				A6CCB13126354724001DA2EE /* ViewController.swift */,
				A6CCB13326354724001DA2EE /* Main.storyboard */,
				A6CCB13626354727001DA2EE /* Assets.xcassets */,
				A6CCB13826354727001DA2EE /* LaunchScreen.storyboard */,
				B877067726A93D6A0051C700 /* Info.plist */,
			);
			path = AnimeShop;
			sourceTree = "<group>";
		};
/* End PBXGroup section */

/* Begin PBXNativeTarget section */
		A6CCB12926354724001DA2EE /* AnimeShop */ = {
			isa = PBXNativeTarget;
			buildConfigurationList = A6CCB13E26354727001DA2EE /* Build configuration list for PBXNativeTarget "AnimeShop" */;
			buildPhases = (
				A6CCB12626354724001DA2EE /* Sources */,
				A6CCB12726354724001DA2EE /* Frameworks */,
				A6CCB12826354724001DA2EE /* Resources */,
			);
			buildRules = (
			);
			dependencies = (
			);
			name = AnimeShop;
			productName = DemoChangeContent;
			productReference = A6CCB12A26354724001DA2EE /* AnimeShop.app */;
			productType = "com.apple.product-type.application";
		};
/* End PBXNativeTarget section */

/* Begin PBXProject section */
		A6CCB12226354724001DA2EE /* Project object */ = {
			isa = PBXProject;
			attributes = {
				LastSwiftUpdateCheck = 1250;
				LastUpgradeCheck = 1250;
				TargetAttributes = {
					A6CCB12926354724001DA2EE = {
						CreatedOnToolsVersion = 12.5;
					};
				};
			};
			buildConfigurationList = A6CCB12526354724001DA2EE /* Build configuration list for PBXProject "AnimeShop" */;
			compatibilityVersion = "Xcode 9.3";
			developmentRegion = en;
			hasScannedForEncodings = 0;
			knownRegions = (
				en,
				Base,
			);
			mainGroup = A6CCB12126354724001DA2EE;
			productRefGroup = A6CCB12B26354724001DA2EE /* Products */;
			projectDirPath = "";
			projectRoot = "";
			targets = (
				A6CCB12926354724001DA2EE /* AnimeShop */,
			);
		};
/* End PBXProject section */

/* Begin PBXResourcesBuildPhase section */
		A6CCB12826354724001DA2EE /* Resources */ = {
			isa = PBXResourcesBuildPhase;
			buildActionMask = 2147483647;
			files = (
				B877067826A93D6A0051C700 /* Info.plist in Resources */,
				A6CCB13A26354727001DA2EE /* LaunchScreen.storyboard in Resources */,
				A6CCB13726354727001DA2EE /* Assets.xcassets in Resources */,
				A6CCB13526354724001DA2EE /* Main.storyboard in Resources */,
			);
			runOnlyForDeploymentPostprocessing = 0;
		};
/* End PBXResourcesBuildPhase section */

/* Begin PBXSourcesBuildPhase section */
		A6CCB12626354724001DA2EE /* Sources */ = {
			isa = PBXSourcesBuildPhase;
			buildActionMask = 2147483647;
			files = (
				A6CCB13226354724001DA2EE /* ViewController.swift in Sources */,
				A6CCB12E26354724001DA2EE /* AppDelegate.swift in Sources */,
				A6CCB13026354724001DA2EE /* SceneDelegate.swift in Sources */,
			);
			runOnlyForDeploymentPostprocessing = 0;
		};
/* End PBXSourcesBuildPhase section */

/* Begin PBXVariantGroup section */
		A6CCB13326354724001DA2EE /* Main.storyboard */ = {
			isa = PBXVariantGroup;
			children = (
				A6CCB13426354724001DA2EE /* Base */,
			);
			name = Main.storyboard;
			sourceTree = "<group>";
		};
		A6CCB13826354727001DA2EE /* LaunchScreen.storyboard */ = {
			isa = PBXVariantGroup;
			children = (
				A6CCB13926354727001DA2EE /* Base */,
			);
			name = LaunchScreen.storyboard;
			sourceTree = "<group>";
		};
/* End PBXVariantGroup section */

/* Begin XCBuildConfiguration section */
		A6CCB13C26354727001DA2EE /* Debug */ = {
			isa = XCBuildConfiguration;
			buildSettings = {
				ALWAYS_SEARCH_USER_PATHS = NO;
				CLANG_ANALYZER_NONNULL = YES;
				CLANG_ANALYZER_NUMBER_OBJECT_CONVERSION = YES_AGGRESSIVE;
				CLANG_CXX_LANGUAGE_STANDARD = "gnu++14";
				CLANG_CXX_LIBRARY = "libc++";
				CLANG_ENABLE_MODULES = YES;
				CLANG_ENABLE_OBJC_ARC = YES;
				CLANG_ENABLE_OBJC_WEAK = YES;
				CLANG_WARN_BLOCK_CAPTURE_AUTORELEASING = YES;
				CLANG_WARN_BOOL_CONVERSION = YES;
				CLANG_WARN_COMMA = YES;
				CLANG_WARN_CONSTANT_CONVERSION = YES;
				CLANG_WARN_DEPRECATED_OBJC_IMPLEMENTATIONS = YES;
				CLANG_WARN_DIRECT_OBJC_ISA_USAGE = YES_ERROR;
				CLANG_WARN_DOCUMENTATION_COMMENTS = YES;
				CLANG_WARN_EMPTY_BODY = YES;
				CLANG_WARN_ENUM_CONVERSION = YES;
				CLANG_WARN_INFINITE_RECURSION = YES;
				CLANG_WARN_INT_CONVERSION = YES;
				CLANG_WARN_NON_LITERAL_NULL_CONVERSION = YES;
				CLANG_WARN_OBJC_IMPLICIT_RETAIN_SELF = YES;
				CLANG_WARN_OBJC_LITERAL_CONVERSION = YES;
				CLANG_WARN_OBJC_ROOT_CLASS = YES_ERROR;
				CLANG_WARN_QUOTED_INCLUDE_IN_FRAMEWORK_HEADER = YES;
				CLANG_WARN_RANGE_LOOP_ANALYSIS = YES;
				CLANG_WARN_STRICT_PROTOTYPES = YES;
				CLANG_WARN_SUSPICIOUS_MOVE = YES;
				CLANG_WARN_UNGUARDED_AVAILABILITY = YES_AGGRESSIVE;
				CLANG_WARN_UNREACHABLE_CODE = YES;
				CLANG_WARN__DUPLICATE_METHOD_MATCH = YES;
				COPY_PHASE_STRIP = NO;
				DEBUG_INFORMATION_FORMAT = dwarf;
				ENABLE_STRICT_OBJC_MSGSEND = YES;
				ENABLE_TESTABILITY = YES;
				GCC_C_LANGUAGE_STANDARD = gnu11;
				GCC_DYNAMIC_NO_PIC = NO;
				GCC_NO_COMMON_BLOCKS = YES;
				GCC_OPTIMIZATION_LEVEL = 0;
				GCC_PREPROCESSOR_DEFINITIONS = (
					"DEBUG=1",
					"$(inherited)",
				);
				GCC_WARN_64_TO_32_BIT_CONVERSION = YES;
				GCC_WARN_ABOUT_RETURN_TYPE = YES_ERROR;
				GCC_WARN_UNDECLARED_SELECTOR = YES;
				GCC_WARN_UNINITIALIZED_AUTOS = YES_AGGRESSIVE;
				GCC_WARN_UNUSED_FUNCTION = YES;
				GCC_WARN_UNUSED_VARIABLE = YES;
				IPHONEOS_DEPLOYMENT_TARGET = 14.5;
				MTL_ENABLE_DEBUG_INFO = INCLUDE_SOURCE;
				MTL_FAST_MATH = YES;
				ONLY_ACTIVE_ARCH = YES;
				SDKROOT = iphoneos;
				SWIFT_ACTIVE_COMPILATION_CONDITIONS = DEBUG;
				SWIFT_OPTIMIZATION_LEVEL = "-Onone";
			};
			name = Debug;
		};
		A6CCB13D26354727001DA2EE /* Release */ = {
			isa = XCBuildConfiguration;
			buildSettings = {
				ALWAYS_SEARCH_USER_PATHS = NO;
				CLANG_ANALYZER_NONNULL = YES;
				CLANG_ANALYZER_NUMBER_OBJECT_CONVERSION = YES_AGGRESSIVE;
				CLANG_CXX_LANGUAGE_STANDARD = "gnu++14";
				CLANG_CXX_LIBRARY = "libc++";
				CLANG_ENABLE_MODULES = YES;
				CLANG_ENABLE_OBJC_ARC = YES;
				CLANG_ENABLE_OBJC_WEAK = YES;
				CLANG_WARN_BLOCK_CAPTURE_AUTORELEASING = YES;
				CLANG_WARN_BOOL_CONVERSION = YES;
				CLANG_WARN_COMMA = YES;
				CLANG_WARN_CONSTANT_CONVERSION = YES;
				CLANG_WARN_DEPRECATED_OBJC_IMPLEMENTATIONS = YES;
				CLANG_WARN_DIRECT_OBJC_ISA_USAGE = YES_ERROR;
				CLANG_WARN_DOCUMENTATION_COMMENTS = YES;
				CLANG_WARN_EMPTY_BODY = YES;
				CLANG_WARN_ENUM_CONVERSION = YES;
				CLANG_WARN_INFINITE_RECURSION = YES;
				CLANG_WARN_INT_CONVERSION = YES;
				CLANG_WARN_NON_LITERAL_NULL_CONVERSION = YES;
				CLANG_WARN_OBJC_IMPLICIT_RETAIN_SELF = YES;
				CLANG_WARN_OBJC_LITERAL_CONVERSION = YES;
				CLANG_WARN_OBJC_ROOT_CLASS = YES_ERROR;
				CLANG_WARN_QUOTED_INCLUDE_IN_FRAMEWORK_HEADER = YES;
				CLANG_WARN_RANGE_LOOP_ANALYSIS = YES;
				CLANG_WARN_STRICT_PROTOTYPES = YES;
				CLANG_WARN_SUSPICIOUS_MOVE = YES;
				CLANG_WARN_UNGUARDED_AVAILABILITY = YES_AGGRESSIVE;
				CLANG_WARN_UNREACHABLE_CODE = YES;
				CLANG_WARN__DUPLICATE_METHOD_MATCH = YES;
				COPY_PHASE_STRIP = NO;
				DEBUG_INFORMATION_FORMAT = "dwarf-with-dsym";
				ENABLE_NS_ASSERTIONS = NO;
				ENABLE_STRICT_OBJC_MSGSEND = YES;
				GCC_C_LANGUAGE_STANDARD = gnu11;
				GCC_NO_COMMON_BLOCKS = YES;
				GCC_WARN_64_TO_32_BIT_CONVERSION = YES;
				GCC_WARN_ABOUT_RETURN_TYPE = YES_ERROR;
				GCC_WARN_UNDECLARED_SELECTOR = YES;
				GCC_WARN_UNINITIALIZED_AUTOS = YES_AGGRESSIVE;
				GCC_WARN_UNUSED_FUNCTION = YES;
				GCC_WARN_UNUSED_VARIABLE = YES;
				IPHONEOS_DEPLOYMENT_TARGET = 14.5;
				MTL_ENABLE_DEBUG_INFO = NO;
				MTL_FAST_MATH = YES;
				SDKROOT = iphoneos;
				SWIFT_COMPILATION_MODE = wholemodule;
				SWIFT_OPTIMIZATION_LEVEL = "-O";
				VALIDATE_PRODUCT = YES;
			};
			name = Release;
		};
		A6CCB13F26354727001DA2EE /* Debug */ = {
			isa = XCBuildConfiguration;
			buildSettings = {
				ASSETCATALOG_COMPILER_GLOBAL_ACCENT_COLOR_NAME = AccentColor;
				CODE_SIGN_STYLE = Automatic;
				INFOPLIST_FILE = "$(SRCROOT)/AnimeShop/Info.plist";
				LD_RUNPATH_SEARCH_PATHS = (
					"$(inherited)",
					"@executable_path/Frameworks",
				);
				PRODUCT_BUNDLE_IDENTIFIER = com.peter.DemoChangeContent;
				PRODUCT_NAME = "$(TARGET_NAME)";
				SWIFT_VERSION = 5.0;
				TARGETED_DEVICE_FAMILY = "1,2";
			};
			name = Debug;
		};
		A6CCB14026354727001DA2EE /* Release */ = {
			isa = XCBuildConfiguration;
			buildSettings = {
				ASSETCATALOG_COMPILER_GLOBAL_ACCENT_COLOR_NAME = AccentColor;
				CODE_SIGN_STYLE = Automatic;
				INFOPLIST_FILE = "$(SRCROOT)/AnimeShop/Info.plist";
				LD_RUNPATH_SEARCH_PATHS = (
					"$(inherited)",
					"@executable_path/Frameworks",
				);
				PRODUCT_BUNDLE_IDENTIFIER = com.peter.DemoChangeContent;
				PRODUCT_NAME = "$(TARGET_NAME)";
				SWIFT_VERSION = 5.0;
				TARGETED_DEVICE_FAMILY = "1,2";
			};
			name = Release;
		};
/* End XCBuildConfiguration section */

/* Begin XCConfigurationList section */
		A6CCB12526354724001DA2EE /* Build configuration list for PBXProject "AnimeShop" */ = {
			isa = XCConfigurationList;
			buildConfigurations = (
				A6CCB13C26354727001DA2EE /* Debug */,
				A6CCB13D26354727001DA2EE /* Release */,
			);
			defaultConfigurationIsVisible = 0;
			defaultConfigurationName = Release;
		};
		A6CCB13E26354727001DA2EE /* Build configuration list for PBXNativeTarget "AnimeShop" */ = {
			isa = XCConfigurationList;
			buildConfigurations = (
				A6CCB13F26354727001DA2EE /* Debug */,
				A6CCB14026354727001DA2EE /* Release */,
			);
			defaultConfigurationIsVisible = 0;
			defaultConfigurationName = Release;
		};
/* End XCConfigurationList section */
	};
	rootObject = A6CCB12226354724001DA2EE /* Project object */;
}
